
Microsoft Visual Studio Solution File, Format Version 12.00
# Visual Studio 15
VisualStudioVersion = 15.0.26730.16
MinimumVisualStudioVersion = 10.0.40219.1
Project("{8BC9CEB8-8B4A-11D0-8D11-00A0C91BC942}") = "LooperWin", "LeeroyLooper\LeeroyLooper.vcxproj", "{34335075-2725-471B-BF1E-34467B601094}"
EndProject
Project("{8BC9CEB8-8B4A-11D0-8D11-00A0C91BC942}") = "LooperCrossPlat", "LooperCrossPlat\LooperCrossPlat.vcxitems", "{B78D2097-1862-4D1A-AB4D-989AF22B3CA6}"
EndProject
Global
	GlobalSection(SharedMSBuildProjectFiles) = preSolution
		LooperCrossPlat\LooperCrossPlat.vcxitems*{34335075-2725-471b-bf1e-34467b601094}*SharedItemsImports = 4
		LooperCrossPlat\LooperCrossPlat.vcxitems*{b78d2097-1862-4d1a-ab4d-989af22b3ca6}*SharedItemsImports = 9
	EndGlobalSection
	GlobalSection(SolutionConfigurationPlatforms) = preSolution
		Debug|x64 = Debug|x64
		Debug|x86 = Debug|x86
		Release|x64 = Release|x64
		Release|x86 = Release|x86
	EndGlobalSection
	GlobalSection(ProjectConfigurationPlatforms) = postSolution
		{34335075-2725-471B-BF1E-34467B601094}.Debug|x64.ActiveCfg = Debug|x64
		{34335075-2725-471B-BF1E-34467B601094}.Debug|x64.Build.0 = Debug|x64
		{34335075-2725-471B-BF1E-34467B601094}.Debug|x86.ActiveCfg = Debug|Win32
		{34335075-2725-471B-BF1E-34467B601094}.Debug|x86.Build.0 = Debug|Win32
		{34335075-2725-471B-BF1E-34467B601094}.Release|x64.ActiveCfg = Release|x64
		{34335075-2725-471B-BF1E-34467B601094}.Release|x64.Build.0 = Release|x64
		{34335075-2725-471B-BF1E-34467B601094}.Release|x86.ActiveCfg = Release|Win32
		{34335075-2725-471B-BF1E-34467B601094}.Release|x86.Build.0 = Release|Win32
	EndGlobalSection
	GlobalSection(SolutionProperties) = preSolution
		HideSolutionNode = FALSE
	EndGlobalSection
	GlobalSection(ExtensibilityGlobals) = postSolution
		SolutionGuid = {2EAA98DE-1920-46C1-943E-BC092DF90223}
	EndGlobalSection
EndGlobal
