<?xml version="1.0" encoding="utf-8"?>
<Project ToolsVersion="4.0" xmlns="http://schemas.microsoft.com/developer/msbuild/2003">
  <ItemGroup>
    <Filter Include="Source Files">
      <UniqueIdentifier>{4FC737F1-C7A5-4376-A066-2A32D752A2FF}</UniqueIdentifier>
      <Extensions>cpp;c;cc;cxx;def;odl;idl;hpj;bat;asm;asmx</Extensions>
    </Filter>
    <Filter Include="Header Files">
      <UniqueIdentifier>{93995380-89BD-4b04-88EB-625FBE52EBFB}</UniqueIdentifier>
      <Extensions>h;hh;hpp;hxx;hm;inl;inc;xsd</Extensions>
    </Filter>
    <Filter Include="Resource Files">
      <UniqueIdentifier>{67DA6AB6-F800-4c08-8B7A-83BB121AAD01}</UniqueIdentifier>
      <Extensions>rc;ico;cur;bmp;dlg;rc2;rct;bin;rgs;gif;jpg;jpeg;jpe;resx;tiff;tif;png;wav;mfcribbon-ms</Extensions>
    </Filter>
    <Filter Include="Project Files">
      <UniqueIdentifier>{472c541e-b870-42f1-bf74-877655a6f9f7}</UniqueIdentifier>
    </Filter>
  </ItemGroup>
  <ItemGroup>
    <ClCompile Include="src\Looper.cpp">
      <Filter>Source Files</Filter>
    </ClCompile>
    <ClCompile Include="lib\rtaudio\RtAudio.cpp">
      <Filter>Source Files</Filter>
    </ClCompile>
    <ClCompile Include="lib\asio\asio.cpp">
      <Filter>Source Files</Filter>
    </ClCompile>
    <ClCompile Include="lib\asio\asiodrivers.cpp">
      <Filter>Source Files</Filter>
    </ClCompile>
    <ClCompile Include="lib\asio\asiolist.cpp">
      <Filter>Source Files</Filter>
    </ClCompile>
    <ClCompile Include="lib\asio\iasiothiscallresolver.cpp">
      <Filter>Source Files</Filter>
    </ClCompile>
    <ClCompile Include="main.cpp">
      <Filter>Source Files</Filter>
    </ClCompile>
  </ItemGroup>
  <ItemGroup>
    <ClInclude Include="src\Looper.h">
      <Filter>Header Files</Filter>
    </ClInclude>
    <ClInclude Include="lib\rtaudio\RtAudio.h">
      <Filter>Header Files</Filter>
    </ClInclude>
    <ClInclude Include="lib\asio\asio.h">
      <Filter>Header Files</Filter>
    </ClInclude>
    <ClInclude Include="lib\asio\asiodrivers.h">
      <Filter>Header Files</Filter>
    </ClInclude>
    <ClInclude Include="lib\asio\asiodrvr.h">
      <Filter>Header Files</Filter>
    </ClInclude>
    <ClInclude Include="lib\asio\asiolist.h">
      <Filter>Header Files</Filter>
    </ClInclude>
    <ClInclude Include="lib\asio\asiosys.h">
      <Filter>Header Files</Filter>
    </ClInclude>
    <ClInclude Include="lib\asio\iasiothiscallresolver.h">
      <Filter>Header Files</Filter>
    </ClInclude>
    <ClInclude Include="lib\asio\dsound.h">
      <Filter>Header Files</Filter>
    </ClInclude>
    <ClInclude Include="lib\asio\ginclude.h">
      <Filter>Header Files</Filter>
    </ClInclude>
    <ClInclude Include="lib\asio\iasiodrv.h">
      <Filter>Header Files</Filter>
    </ClInclude>
  </ItemGroup>
</Project>